# Generated by pub
# See https://dart.dev/tools/pub/glossary#lockfile
packages:
  app_links:
    dependency: transitive
    description:
      name: app_links
      sha256: ad1a6d598e7e39b46a34f746f9a8b011ee147e4c275d407fa457e7a62f84dd99
      url: "https://pub.dev"
    source: hosted
    version: "6.3.2"
  app_links_linux:
    dependency: transitive
    description:
      name: app_links_linux
      sha256: f5f7173a78609f3dfd4c2ff2c95bd559ab43c80a87dc6a095921d96c05688c81
      url: "https://pub.dev"
    source: hosted
    version: "1.0.3"
  app_links_platform_interface:
    dependency: transitive
    description:
      name: app_links_platform_interface
      sha256: "05f5379577c513b534a29ddea68176a4d4802c46180ee8e2e966257158772a3f"
      url: "https://pub.dev"
    source: hosted
    version: "2.0.2"
  app_links_web:
    dependency: transitive
    description:
      name: app_links_web
      sha256: af060ed76183f9e2b87510a9480e56a5352b6c249778d07bd2c95fc35632a555
      url: "https://pub.dev"
    source: hosted
    version: "1.0.4"
  archive:
    dependency: transitive
    description:
      name: archive
      sha256: cb6a278ef2dbb298455e1a713bda08524a175630ec643a242c399c932a0a1f7d
      url: "https://pub.dev"
    source: hosted
    version: "3.6.1"
  async:
    dependency: transitive
    description:
      name: async
      sha256: d2872f9c19731c2e5f10444b14686eb7cc85c76274bd6c16e1816bff9a3bab63
      url: "https://pub.dev"
    source: hosted
    version: "2.12.0"
  boolean_selector:
    dependency: transitive
    description:
      name: boolean_selector
      sha256: "8aab1771e1243a5063b8b0ff68042d67334e3feab9e95b9490f9a6ebf73b42ea"
      url: "https://pub.dev"
    source: hosted
    version: "2.1.2"
  camera:
    dependency: "direct main"
    description:
      name: camera
      sha256: dfa8fc5a1adaeb95e7a54d86a5bd56f4bb0e035515354c8ac6d262e35cec2ec8
      url: "https://pub.dev"
    source: hosted
    version: "0.10.6"
  camera_android:
    dependency: transitive
    description:
      name: camera_android
      sha256: "007c57cdcace4751014071e3d42f2eb8a64a519254abed35b714223d81d66234"
      url: "https://pub.dev"
    source: hosted
    version: "0.10.10"
  camera_avfoundation:
    dependency: transitive
    description:
      name: camera_avfoundation
      sha256: "3f81ee3e88a79b0b010f0233d42625926299551b05d5dc995267a0b35bc33247"
      url: "https://pub.dev"
    source: hosted
    version: "0.9.18"
  camera_platform_interface:
    dependency: transitive
    description:
      name: camera_platform_interface
      sha256: "953e7baed3a7c8fae92f7200afeb2be503ff1a17c3b4e4ed7b76f008c2810a31"
      url: "https://pub.dev"
    source: hosted
    version: "2.9.0"
  camera_web:
    dependency: transitive
    description:
      name: camera_web
      sha256: "595f28c89d1fb62d77c73c633193755b781c6d2e0ebcd8dc25b763b514e6ba8f"
      url: "https://pub.dev"
    source: hosted
    version: "0.3.5"
  characters:
    dependency: transitive
    description:
      name: characters
      sha256: f71061c654a3380576a52b451dd5532377954cf9dbd272a78fc8479606670803
      url: "https://pub.dev"
    source: hosted
    version: "1.4.0"
  clock:
    dependency: transitive
    description:
      name: clock
      sha256: fddb70d9b5277016c77a80201021d40a2247104d9f4aa7bab7157b7e3f05b84b
      url: "https://pub.dev"
    source: hosted
    version: "1.1.2"
  collection:
    dependency: "direct main"
    description:
      name: collection
      sha256: "2f5709ae4d3d59dd8f7cd309b4e023046b57d8a6c82130785d2b0e5868084e76"
      url: "https://pub.dev"
    source: hosted
    version: "1.19.1"
  cross_file:
    dependency: transitive
    description:
      name: cross_file
      sha256: "7caf6a750a0c04effbb52a676dce9a4a592e10ad35c34d6d2d0e4811160d5670"
      url: "https://pub.dev"
    source: hosted
    version: "0.3.4+2"
  crypto:
    dependency: transitive
    description:
      name: crypto
      sha256: "1e445881f28f22d6140f181e07737b22f1e099a5e1ff94b0af2f9e4a463f4855"
      url: "https://pub.dev"
    source: hosted
    version: "3.0.6"
  cupertino_icons:
    dependency: "direct main"
    description:
      name: cupertino_icons
      sha256: ba631d1c7f7bef6b729a622b7b752645a2d076dba9976925b8f25725a30e1ee6
      url: "https://pub.dev"
    source: hosted
    version: "1.0.8"
  fake_async:
    dependency: transitive
    description:
      name: fake_async
      sha256: "6a95e56b2449df2273fd8c45a662d6947ce1ebb7aafe80e550a3f68297f3cacc"
      url: "https://pub.dev"
    source: hosted
    version: "1.3.2"
  ffi:
    dependency: "direct main"
    description:
      name: ffi
      sha256: "16ed7b077ef01ad6170a3d0c57caa4a112a38d7a2ed5602e0aca9ca6f3d98da6"
      url: "https://pub.dev"
    source: hosted
    version: "2.1.3"
  file:
    dependency: transitive
    description:
      name: file
      sha256: a3b4f84adafef897088c160faf7dfffb7696046cb13ae90b508c2cbc95d3b8d4
      url: "https://pub.dev"
    source: hosted
    version: "7.0.1"
  flutter:
    dependency: "direct main"
    description: flutter
    source: sdk
    version: "0.0.0"
  flutter_lints:
    dependency: "direct dev"
    description:
      name: flutter_lints
      sha256: "5398f14efa795ffb7a33e9b6a08798b26a180edac4ad7db3f231e40f82ce11e1"
      url: "https://pub.dev"
    source: hosted
    version: "5.0.0"
  flutter_plugin_android_lifecycle:
    dependency: transitive
    description:
      name: flutter_plugin_android_lifecycle
      sha256: "615a505aef59b151b46bbeef55b36ce2b6ed299d160c51d84281946f0aa0ce0e"
      url: "https://pub.dev"
    source: hosted
    version: "2.0.24"
  flutter_test:
    dependency: "direct dev"
    description: flutter
    source: sdk
    version: "0.0.0"
  flutter_web_plugins:
    dependency: transitive
    description: flutter
    source: sdk
    version: "0.0.0"
  functions_client:
    dependency: transitive
    description:
      name: functions_client
      sha256: "61597ed93be197b1be6387855e4b760e6aac2355fcfc4df6d20d2b4579982158"
      url: "https://pub.dev"
    source: hosted
    version: "2.4.0"
  get:
    dependency: "direct main"
    description:
      name: get
      sha256: c79eeb4339f1f3deffd9ec912f8a923834bec55f7b49c9e882b8fef2c139d425
      url: "https://pub.dev"
    source: hosted
    version: "4.7.2"
  get_it:
    dependency: "direct main"
    description:
      name: get_it
      sha256: d85128a5dae4ea777324730dc65edd9c9f43155c109d5cc0a69cab74139fbac1
      url: "https://pub.dev"
    source: hosted
    version: "7.7.0"
  google_ml_kit:
    dependency: "direct main"
    description:
      name: google_ml_kit
      sha256: "208c22edf0e6c6621f4e95881e8fd08f602728f5c60ef8d845a817a948555b3e"
      url: "https://pub.dev"
    source: hosted
    version: "0.16.3"
  google_mlkit_barcode_scanning:
    dependency: transitive
    description:
      name: google_mlkit_barcode_scanning
      sha256: "965183a8cd5cef8477ceea5dbdf29c34a739cf0cfbf1bdad54cd3f9f1807afe5"
      url: "https://pub.dev"
    source: hosted
    version: "0.10.0"
  google_mlkit_commons:
    dependency: transitive
    description:
      name: google_mlkit_commons
      sha256: "046586b381cdd139f7f6a05ad6998f7e339d061bd70158249907358394b5f496"
      url: "https://pub.dev"
    source: hosted
    version: "0.6.1"
  google_mlkit_digital_ink_recognition:
    dependency: transitive
    description:
      name: google_mlkit_digital_ink_recognition
      sha256: "7f8041be41546cadcfd0e200822dad4c3e1aa360cdc46b58746e9cfea9842cd5"
      url: "https://pub.dev"
    source: hosted
    version: "0.10.0"
  google_mlkit_entity_extraction:
    dependency: transitive
    description:
      name: google_mlkit_entity_extraction
      sha256: "0df128a02b59736ea19b2d620c21a76083d238ad8661e154839b7692202f2ce7"
      url: "https://pub.dev"
    source: hosted
    version: "0.11.0"
  google_mlkit_face_detection:
    dependency: transitive
    description:
      name: google_mlkit_face_detection
      sha256: a6ccff7d6ca8dfc2ab845ea7481645342e82aed31a81edd075169a3abbb25ed3
      url: "https://pub.dev"
    source: hosted
    version: "0.9.0"
  google_mlkit_face_mesh_detection:
    dependency: transitive
    description:
      name: google_mlkit_face_mesh_detection
      sha256: b2406d8eca7e842d82b43dc020e55aef75cf073aeb9272d49fc0158fd5d705c7
      url: "https://pub.dev"
    source: hosted
    version: "0.0.2"
  google_mlkit_image_labeling:
    dependency: transitive
    description:
      name: google_mlkit_image_labeling
      sha256: c5f54f31c82ab053186169ab88ab5c0731b4b920b95ffbd3de9b9cbfd93025bd
      url: "https://pub.dev"
    source: hosted
    version: "0.10.0"
  google_mlkit_language_id:
    dependency: transitive
    description:
      name: google_mlkit_language_id
      sha256: "33d63fbc4e2776e70e70c093ee6d0cb57b5452b8959b165db4f9d06fcaf5feb4"
      url: "https://pub.dev"
    source: hosted
    version: "0.9.0"
  google_mlkit_object_detection:
    dependency: transitive
    description:
      name: google_mlkit_object_detection
      sha256: "4c4cfe87fd63d7c45c4086c538e150124662a1a38d71472cd0ccabfd3990706d"
      url: "https://pub.dev"
    source: hosted
    version: "0.11.0"
  google_mlkit_pose_detection:
    dependency: transitive
    description:
      name: google_mlkit_pose_detection
      sha256: "25027e81b40bd2197ad6f1d4f9a6c153a874cf5c66dbb5ac0a8a704573a79c70"
      url: "https://pub.dev"
    source: hosted
    version: "0.10.0"
  google_mlkit_selfie_segmentation:
    dependency: transitive
    description:
      name: google_mlkit_selfie_segmentation
      sha256: ca30972a4fca5d46c12c6add4cb839385552a322ee0d4e500c888b0817b93003
      url: "https://pub.dev"
    source: hosted
    version: "0.6.0"
  google_mlkit_smart_reply:
    dependency: transitive
    description:
      name: google_mlkit_smart_reply
      sha256: fe05a977d8e5346a47f05cc40cddb6cfecac9a4921e912f2ac9458d2f1e74ab6
      url: "https://pub.dev"
    source: hosted
    version: "0.9.0"
  google_mlkit_text_recognition:
    dependency: transitive
    description:
      name: google_mlkit_text_recognition
      sha256: d484de2a10961a6f0ff8b54cc92b71bfbb0e65509be0903edca0e1f9256ca4c2
      url: "https://pub.dev"
    source: hosted
    version: "0.11.0"
  google_mlkit_translation:
    dependency: transitive
    description:
      name: google_mlkit_translation
      sha256: b8f9c3de545f54ed5285e4a57b205d84a912c26003705a9f1eec2a40fc8a5471
      url: "https://pub.dev"
    source: hosted
    version: "0.9.0"
  gotrue:
    dependency: transitive
    description:
      name: gotrue
      sha256: b9541c62edc0ee1fddf2c95364251b8076a93bcdbc3ad27f14a633d187e89ccc
      url: "https://pub.dev"
    source: hosted
    version: "2.11.0"
  gtk:
    dependency: transitive
    description:
      name: gtk
      sha256: e8ce9ca4b1df106e4d72dad201d345ea1a036cc12c360f1a7d5a758f78ffa42c
      url: "https://pub.dev"
    source: hosted
    version: "2.1.0"
  http:
    dependency: transitive
    description:
      name: http
      sha256: b9c29a161230ee03d3ccf545097fccd9b87a5264228c5d348202e0f0c28f9010
      url: "https://pub.dev"
    source: hosted
    version: "1.2.2"
  http_parser:
    dependency: transitive
    description:
      name: http_parser
      sha256: "2aa08ce0341cc9b354a498388e30986515406668dbcc4f7c950c3e715496693b"
      url: "https://pub.dev"
    source: hosted
    version: "4.0.2"
  image:
    dependency: "direct main"
    description:
      name: image
      sha256: "8e9d133755c3e84c73288363e6343157c383a0c6c56fc51afcc5d4d7180306d6"
      url: "https://pub.dev"
    source: hosted
    version: "3.3.0"
  jwt_decode:
    dependency: transitive
    description:
      name: jwt_decode
      sha256: d2e9f68c052b2225130977429d30f187aa1981d789c76ad104a32243cfdebfbb
      url: "https://pub.dev"
    source: hosted
    version: "0.3.1"
  leak_tracker:
    dependency: transitive
    description:
      name: leak_tracker
      sha256: c35baad643ba394b40aac41080300150a4f08fd0fd6a10378f8f7c6bc161acec
      url: "https://pub.dev"
    source: hosted
    version: "10.0.8"
  leak_tracker_flutter_testing:
    dependency: transitive
    description:
      name: leak_tracker_flutter_testing
      sha256: f8b613e7e6a13ec79cfdc0e97638fddb3ab848452eff057653abd3edba760573
      url: "https://pub.dev"
    source: hosted
    version: "3.0.9"
  leak_tracker_testing:
    dependency: transitive
    description:
      name: leak_tracker_testing
      sha256: "6ba465d5d76e67ddf503e1161d1f4a6bc42306f9d66ca1e8f079a47290fb06d3"
      url: "https://pub.dev"
    source: hosted
    version: "3.0.1"
  lints:
    dependency: transitive
    description:
      name: lints
      sha256: c35bb79562d980e9a453fc715854e1ed39e24e7d0297a880ef54e17f9874a9d7
      url: "https://pub.dev"
    source: hosted
    version: "5.1.1"
  logging:
    dependency: transitive
    description:
      name: logging
      sha256: c8245ada5f1717ed44271ed1c26b8ce85ca3228fd2ffdb75468ab01979309d61
      url: "https://pub.dev"
    source: hosted
    version: "1.3.0"
  matcher:
    dependency: transitive
    description:
      name: matcher
      sha256: dc58c723c3c24bf8d3e2d3ad3f2f9d7bd9cf43ec6feaa64181775e60190153f2
      url: "https://pub.dev"
    source: hosted
    version: "0.12.17"
  material_color_utilities:
    dependency: transitive
    description:
      name: material_color_utilities
      sha256: f7142bb1154231d7ea5f96bc7bde4bda2a0945d2806bb11670e30b850d56bdec
      url: "https://pub.dev"
    source: hosted
    version: "0.11.1"
  meta:
    dependency: transitive
    description:
      name: meta
      sha256: e3641ec5d63ebf0d9b41bd43201a66e3fc79a65db5f61fc181f04cd27aab950c
      url: "https://pub.dev"
    source: hosted
    version: "1.16.0"
  mime:
    dependency: transitive
    description:
      name: mime
      sha256: "801fd0b26f14a4a58ccb09d5892c3fbdeff209594300a542492cf13fba9d247a"
      url: "https://pub.dev"
    source: hosted
    version: "1.0.6"
  nested:
    dependency: transitive
    description:
      name: nested
      sha256: "03bac4c528c64c95c722ec99280375a6f2fc708eec17c7b3f07253b626cd2a20"
      url: "https://pub.dev"
    source: hosted
    version: "1.0.0"
  path:
    dependency: "direct main"
    description:
      name: path
      sha256: "75cca69d1490965be98c73ceaea117e8a04dd21217b37b292c9ddbec0d955bc5"
      url: "https://pub.dev"
    source: hosted
    version: "1.9.1"
  path_provider:
    dependency: "direct main"
    description:
      name: path_provider
      sha256: "50c5dd5b6e1aaf6fb3a78b33f6aa3afca52bf903a8a5298f53101fdaee55bbcd"
      url: "https://pub.dev"
    source: hosted
    version: "2.1.5"
  path_provider_android:
    dependency: transitive
    description:
      name: path_provider_android
      sha256: c464428172cb986b758c6d1724c603097febb8fb855aa265aeecc9280c294d4a
      url: "https://pub.dev"
    source: hosted
    version: "2.2.12"
  path_provider_foundation:
    dependency: transitive
    description:
      name: path_provider_foundation
      sha256: f234384a3fdd67f989b4d54a5d73ca2a6c422fa55ae694381ae0f4375cd1ea16
      url: "https://pub.dev"
    source: hosted
    version: "2.4.0"
  path_provider_linux:
    dependency: transitive
    description:
      name: path_provider_linux
      sha256: f7a1fe3a634fe7734c8d3f2766ad746ae2a2884abe22e241a8b301bf5cac3279
      url: "https://pub.dev"
    source: hosted
    version: "2.2.1"
  path_provider_platform_interface:
    dependency: transitive
    description:
      name: path_provider_platform_interface
      sha256: "88f5779f72ba699763fa3a3b06aa4bf6de76c8e5de842cf6f29e2e06476c2334"
      url: "https://pub.dev"
    source: hosted
    version: "2.1.2"
  path_provider_windows:
    dependency: transitive
    description:
      name: path_provider_windows
      sha256: bd6f00dbd873bfb70d0761682da2b3a2c2fccc2b9e84c495821639601d81afe7
      url: "https://pub.dev"
    source: hosted
    version: "2.3.0"
  petitparser:
    dependency: transitive
    description:
      name: petitparser
      sha256: c15605cd28af66339f8eb6fbe0e541bfe2d1b72d5825efc6598f3e0a31b9ad27
      url: "https://pub.dev"
    source: hosted
    version: "6.0.2"
  platform:
    dependency: transitive
    description:
      name: platform
      sha256: "5d6b1b0036a5f331ebc77c850ebc8506cbc1e9416c27e59b439f917a902a4984"
      url: "https://pub.dev"
    source: hosted
    version: "3.1.6"
  plugin_platform_interface:
    dependency: transitive
    description:
      name: plugin_platform_interface
      sha256: "4820fbfdb9478b1ebae27888254d445073732dae3d6ea81f0b7e06d5dedc3f02"
      url: "https://pub.dev"
    source: hosted
    version: "2.1.8"
  postgrest:
    dependency: transitive
    description:
      name: postgrest
      sha256: "9f759ac497a24839addbed69d9569ea6d51d2e4834c672b8c2a73752fb6945c8"
      url: "https://pub.dev"
    source: hosted
    version: "2.4.0"
  provider:
    dependency: "direct main"
    description:
      name: provider
      sha256: c8a055ee5ce3fd98d6fc872478b03823ffdb448699c6ebdbbc71d59b596fd48c
      url: "https://pub.dev"
    source: hosted
    version: "6.1.2"
  quiver:
    dependency: transitive
    description:
      name: quiver
      sha256: ea0b925899e64ecdfbf9c7becb60d5b50e706ade44a85b2363be2a22d88117d2
      url: "https://pub.dev"
    source: hosted
    version: "3.2.2"
  realtime_client:
    dependency: transitive
    description:
      name: realtime_client
      sha256: "173c3dc40922bb0ae19a558ae1a0acf7b28ec8a458b54390c499bbe5ff15f049"
      url: "https://pub.dev"
    source: hosted
    version: "2.4.0"
  retry:
    dependency: transitive
    description:
      name: retry
      sha256: "822e118d5b3aafed083109c72d5f484c6dc66707885e07c0fbcb8b986bba7efc"
      url: "https://pub.dev"
    source: hosted
    version: "3.1.2"
  rxdart:
    dependency: transitive
    description:
      name: rxdart
      sha256: "5c3004a4a8dbb94bd4bf5412a4def4acdaa12e12f269737a5751369e12d1a962"
      url: "https://pub.dev"
    source: hosted
    version: "0.28.0"
  shared_preferences:
    dependency: transitive
    description:
      name: shared_preferences
      sha256: "95f9997ca1fb9799d494d0cb2a780fd7be075818d59f00c43832ed112b158a82"
      url: "https://pub.dev"
    source: hosted
    version: "2.3.3"
  shared_preferences_android:
    dependency: transitive
    description:
      name: shared_preferences_android
      sha256: "3b9febd815c9ca29c9e3520d50ec32f49157711e143b7a4ca039eb87e8ade5ab"
      url: "https://pub.dev"
    source: hosted
    version: "2.3.3"
  shared_preferences_foundation:
    dependency: transitive
    description:
      name: shared_preferences_foundation
      sha256: "07e050c7cd39bad516f8d64c455f04508d09df104be326d8c02551590a0d513d"
      url: "https://pub.dev"
    source: hosted
    version: "2.5.3"
  shared_preferences_linux:
    dependency: transitive
    description:
      name: shared_preferences_linux
      sha256: "580abfd40f415611503cae30adf626e6656dfb2f0cee8f465ece7b6defb40f2f"
      url: "https://pub.dev"
    source: hosted
    version: "2.4.1"
  shared_preferences_platform_interface:
    dependency: transitive
    description:
      name: shared_preferences_platform_interface
      sha256: "57cbf196c486bc2cf1f02b85784932c6094376284b3ad5779d1b1c6c6a816b80"
      url: "https://pub.dev"
    source: hosted
    version: "2.4.1"
  shared_preferences_web:
    dependency: transitive
    description:
      name: shared_preferences_web
      sha256: d2ca4132d3946fec2184261726b355836a82c33d7d5b67af32692aff18a4684e
      url: "https://pub.dev"
    source: hosted
    version: "2.4.2"
  shared_preferences_windows:
    dependency: transitive
    description:
      name: shared_preferences_windows
      sha256: "94ef0f72b2d71bc3e700e025db3710911bd51a71cefb65cc609dd0d9a982e3c1"
      url: "https://pub.dev"
    source: hosted
    version: "2.4.1"
  sky_engine:
    dependency: transitive
    description: flutter
    source: sdk
    version: "0.0.0"
  source_span:
    dependency: transitive
    description:
      name: source_span
      sha256: "254ee5351d6cb365c859e20ee823c3bb479bf4a293c22d17a9f1bf144ce86f7c"
      url: "https://pub.dev"
    source: hosted
    version: "1.10.1"
  stack_trace:
    dependency: transitive
    description:
      name: stack_trace
      sha256: "8b27215b45d22309b5cddda1aa2b19bdfec9df0e765f2de506401c071d38d1b1"
      url: "https://pub.dev"
    source: hosted
    version: "1.12.1"
  storage_client:
    dependency: transitive
    description:
      name: storage_client
      sha256: "833666edcd804aaf434f3b13165fd553a8c6371a488618a58be8914856795c04"
      url: "https://pub.dev"
    source: hosted
    version: "2.2.0"
  stream_channel:
    dependency: transitive
    description:
      name: stream_channel
      sha256: "969e04c80b8bcdf826f8f16579c7b14d780458bd97f56d107d3950fdbeef059d"
      url: "https://pub.dev"
    source: hosted
    version: "2.1.4"
  stream_transform:
    dependency: transitive
    description:
      name: stream_transform
      sha256: ad47125e588cfd37a9a7f86c7d6356dde8dfe89d071d293f80ca9e9273a33871
      url: "https://pub.dev"
    source: hosted
    version: "2.1.1"
  string_scanner:
    dependency: transitive
    description:
      name: string_scanner
      sha256: "921cd31725b72fe181906c6a94d987c78e3b98c2e205b397ea399d4054872b43"
      url: "https://pub.dev"
    source: hosted
    version: "1.4.1"
  supabase:
    dependency: transitive
    description:
      name: supabase
      sha256: ecdfb226c483f05fd10425304de744144dfdda2f33d14151d2604cebe8c6d077
      url: "https://pub.dev"
    source: hosted
    version: "2.6.0"
  supabase_flutter:
    dependency: "direct main"
    description:
      name: supabase_flutter
      sha256: bdbc6770e0e91db0b9d931f41ea4ee311d8819f539743f47e8cc795b492be75a
      url: "https://pub.dev"
    source: hosted
    version: "2.8.1"
  term_glyph:
    dependency: transitive
    description:
      name: term_glyph
      sha256: "7f554798625ea768a7518313e58f83891c7f5024f88e46e7182a4558850a4b8e"
      url: "https://pub.dev"
    source: hosted
    version: "1.2.2"
  test_api:
    dependency: transitive
    description:
      name: test_api
      sha256: fb31f383e2ee25fbbfe06b40fe21e1e458d14080e3c67e7ba0acfde4df4e0bbd
      url: "https://pub.dev"
    source: hosted
    version: "0.7.4"
  tflite_flutter:
    dependency: "direct main"
    description:
      name: tflite_flutter
      sha256: "48e6fde2ad97162bb66a16a142f4c4698add9e8cd397ce9d1cc7451b55537ac1"
      url: "https://pub.dev"
    source: hosted
    version: "0.11.0"
  typed_data:
    dependency: transitive
    description:
      name: typed_data
      sha256: f9049c039ebfeb4cf7a7104a675823cd72dba8297f264b6637062516699fa006
      url: "https://pub.dev"
    source: hosted
    version: "1.4.0"
  url_launcher:
    dependency: transitive
    description:
      name: url_launcher
      sha256: "9d06212b1362abc2f0f0d78e6f09f726608c74e3b9462e8368bb03314aa8d603"
      url: "https://pub.dev"
    source: hosted
    version: "6.3.1"
  url_launcher_android:
    dependency: transitive
    description:
      name: url_launcher_android
      sha256: "6fc2f56536ee873eeb867ad176ae15f304ccccc357848b351f6f0d8d4a40d193"
      url: "https://pub.dev"
    source: hosted
    version: "6.3.14"
  url_launcher_ios:
    dependency: transitive
    description:
      name: url_launcher_ios
      sha256: e43b677296fadce447e987a2f519dcf5f6d1e527dc35d01ffab4fff5b8a7063e
      url: "https://pub.dev"
    source: hosted
    version: "6.3.1"
  url_launcher_linux:
    dependency: transitive
    description:
      name: url_launcher_linux
      sha256: "4e9ba368772369e3e08f231d2301b4ef72b9ff87c31192ef471b380ef29a4935"
      url: "https://pub.dev"
    source: hosted
    version: "3.2.1"
  url_launcher_macos:
    dependency: transitive
    description:
      name: url_launcher_macos
      sha256: "769549c999acdb42b8bcfa7c43d72bf79a382ca7441ab18a808e101149daf672"
      url: "https://pub.dev"
    source: hosted
    version: "3.2.1"
  url_launcher_platform_interface:
    dependency: transitive
    description:
      name: url_launcher_platform_interface
      sha256: "552f8a1e663569be95a8190206a38187b531910283c3e982193e4f2733f01029"
      url: "https://pub.dev"
    source: hosted
    version: "2.3.2"
  url_launcher_web:
    dependency: transitive
    description:
      name: url_launcher_web
      sha256: "772638d3b34c779ede05ba3d38af34657a05ac55b06279ea6edd409e323dca8e"
      url: "https://pub.dev"
    source: hosted
    version: "2.3.3"
  url_launcher_windows:
    dependency: transitive
    description:
      name: url_launcher_windows
      sha256: "44cf3aabcedde30f2dba119a9dea3b0f2672fbe6fa96e85536251d678216b3c4"
      url: "https://pub.dev"
    source: hosted
    version: "3.1.3"
  vector_math:
    dependency: transitive
    description:
      name: vector_math
      sha256: "80b3257d1492ce4d091729e3a67a60407d227c27241d6927be0130c98e741803"
      url: "https://pub.dev"
    source: hosted
    version: "2.1.4"
  vm_service:
    dependency: transitive
    description:
      name: vm_service
      sha256: "0968250880a6c5fe7edc067ed0a13d4bae1577fe2771dcf3010d52c4a9d3ca14"
      url: "https://pub.dev"
    source: hosted
    version: "14.3.1"
  web:
    dependency: transitive
    description:
      name: web
      sha256: cd3543bd5798f6ad290ea73d210f423502e71900302dde696f8bff84bf89a1cb
      url: "https://pub.dev"
    source: hosted
    version: "1.1.0"
  web_socket:
    dependency: transitive
    description:
      name: web_socket
      sha256: "3c12d96c0c9a4eec095246debcea7b86c0324f22df69893d538fcc6f1b8cce83"
      url: "https://pub.dev"
    source: hosted
    version: "0.1.6"
  web_socket_channel:
    dependency: transitive
    description:
      name: web_socket_channel
      sha256: "9f187088ed104edd8662ca07af4b124465893caf063ba29758f97af57e61da8f"
      url: "https://pub.dev"
    source: hosted
    version: "3.0.1"
  xdg_directories:
    dependency: transitive
    description:
      name: xdg_directories
      sha256: "7a3f37b05d989967cdddcbb571f1ea834867ae2faa29725fd085180e0883aa15"
      url: "https://pub.dev"
    source: hosted
    version: "1.1.0"
  xml:
    dependency: transitive
    description:
      name: xml
      sha256: b015a8ad1c488f66851d762d3090a21c600e479dc75e68328c52774040cf9226
      url: "https://pub.dev"
    source: hosted
    version: "6.5.0"
  yet_another_json_isolate:
    dependency: transitive
    description:
      name: yet_another_json_isolate
      sha256: "56155e9e0002cc51ea7112857bbcdc714d4c35e176d43e4d3ee233009ff410c9"
      url: "https://pub.dev"
    source: hosted
    version: "2.0.3"
sdks:
  dart: ">=3.7.0-0 <4.0.0"
  flutter: ">=3.24.0"
